
Microsoft Visual Studio Solution File, Format Version 12.00
# Visual Studio 15
VisualStudioVersion = 15.0.28010.2046
MinimumVisualStudioVersion = 10.0.40219.1
Project("{D2ABAB84-BF74-430A-B69E-9DC6D40DDA17}") = "ProjektWWI", "ProjektWWI\ProjektWWI.dwproj", "{08E7F6B1-DCCA-4E6A-B68A-6621B4D453EC}"
EndProject
Global
	GlobalSection(SolutionConfigurationPlatforms) = preSolution
		Development|Default = Development|Default
	EndGlobalSection
	GlobalSection(ProjectConfigurationPlatforms) = postSolution
		{08E7F6B1-DCCA-4E6A-B68A-6621B4D453EC}.Development|Default.ActiveCfg = Development
		{08E7F6B1-DCCA-4E6A-B68A-6621B4D453EC}.Development|Default.Build.0 = Development
		{08E7F6B1-DCCA-4E6A-B68A-6621B4D453EC}.Development|Default.Deploy.0 = Development
	EndGlobalSection
	GlobalSection(SolutionProperties) = preSolution
		HideSolutionNode = FALSE
	EndGlobalSection
	GlobalSection(ExtensibilityGlobals) = postSolution
		SolutionGuid = {C8A35FE3-7126-422F-9613-D3AA8684AA0B}
	EndGlobalSection
EndGlobal
